Microsoft Visual Studio Solution File, Format Version 12.00
# Visual Studio Version 16
VisualStudioVersion = 16.0.28721.148
MinimumVisualStudioVersion = 10.0.40219.1
Project("{2150E333-8FDC-42A3-9474-1A3956D46DE8}") = "Files", "Files", "{0039724A-6303-4D73-B5B2-7063DF16C573}"
	ProjectSection(SolutionItems) = preProject
		README.md = README.md
	EndProjectSection
EndProject
Project("{FAE04EC0-301F-11D3-BF4B-00C04F79EFBC}") = "ScreenToGif", "ScreenToGif\ScreenToGif.csproj", "{9A332077-74BA-4C6A-8381-6D98C31A490A}"
EndProject
Project("{2150E333-8FDC-42A3-9474-1A3956D46DE8}") = "Solution Items", "Solution Items", "{FAB4A9D0-4AB3-46F7-A1A6-F909F6039B22}"
	ProjectSection(SolutionItems) = preProject
		Plan.txt = Plan.txt
	EndProjectSection
EndProject
Global
	GlobalSection(SolutionConfigurationPlatforms) = preSolution
		Debug|Any CPU = Debug|Any CPU
		Debug|ARM = Debug|ARM
		Debug|x64 = Debug|x64
		Debug|x86 = Debug|x86
		Release|Any CPU = Release|Any CPU
		Release|ARM = Release|ARM
		Release|x64 = Release|x64
		Release|x86 = Release|x86
	EndGlobalSection
	GlobalSection(ProjectConfigurationPlatforms) = postSolution
		{9A332077-74BA-4C6A-8381-6D98C31A490A}.Debug|Any CPU.ActiveCfg = Debug|Any CPU
		{9A332077-74BA-4C6A-8381-6D98C31A490A}.Debug|Any CPU.Build.0 = Debug|Any CPU
		{9A332077-74BA-4C6A-8381-6D98C31A490A}.Debug|ARM.ActiveCfg = Debug|Any CPU
		{9A332077-74BA-4C6A-8381-6D98C31A490A}.Debug|ARM.Build.0 = Debug|Any CPU
		{9A332077-74BA-4C6A-8381-6D98C31A490A}.Debug|x64.ActiveCfg = Debug|x64
		{9A332077-74BA-4C6A-8381-6D98C31A490A}.Debug|x64.Build.0 = Debug|x64
		{9A332077-74BA-4C6A-8381-6D98C31A490A}.Debug|x86.ActiveCfg = Debug|x86
		{9A332077-74BA-4C6A-8381-6D98C31A490A}.Debug|x86.Build.0 = Debug|x86
		{9A332077-74BA-4C6A-8381-6D98C31A490A}.Release|Any CPU.ActiveCfg = Release|Any CPU
		{9A332077-74BA-4C6A-8381-6D98C31A490A}.Release|Any CPU.Build.0 = Release|Any CPU
		{9A332077-74BA-4C6A-8381-6D98C31A490A}.Release|ARM.ActiveCfg = Release|Any CPU
		{9A332077-74BA-4C6A-8381-6D98C31A490A}.Release|ARM.Build.0 = Release|Any CPU
		{9A332077-74BA-4C6A-8381-6D98C31A490A}.Release|x64.ActiveCfg = Release|Any CPU
		{9A332077-74BA-4C6A-8381-6D98C31A490A}.Release|x64.Build.0 = Release|Any CPU
		{9A332077-74BA-4C6A-8381-6D98C31A490A}.Release|x86.ActiveCfg = Release|Any CPU
		{9A332077-74BA-4C6A-8381-6D98C31A490A}.Release|x86.Build.0 = Release|Any CPU
	EndGlobalSection
	GlobalSection(SolutionProperties) = preSolution
		HideSolutionNode = FALSE
	EndGlobalSection
	GlobalSection(ExtensibilityGlobals) = postSolution
		SolutionGuid = {E505E312-14B9-49C0-AC18-B3B2FB6C1661}
	EndGlobalSection
EndGlobal
